
Microsoft Visual Studio Solution File, Format Version 12.00
# Visual Studio 14
VisualStudioVersion = 14.0.23107.0
MinimumVisualStudioVersion = 10.0.40219.1
Project("{8BC9CEB8-8B4A-11D0-8D11-00A0C91BC942}") = "spdlog", "spdlog\spdlog.vcxitems", "{45D41ACC-2C3C-43D2-BC10-02AA73FFC7C7}"
EndProject
Project("{8BC9CEB8-8B4A-11D0-8D11-00A0C91BC942}") = "MySqlAPI", "MySqlAPI\MySqlAPI.vcxitems", "{5540334B-CBAA-4BA7-A907-29AE3962AEA4}"
EndProject
Project("{8BC9CEB8-8B4A-11D0-8D11-00A0C91BC942}") = "testAPI", "testAPI\testAPI.vcxproj", "{58CFFB33-1E64-4228-8452-66F4BB1B8DBF}"
EndProject
Global
	GlobalSection(SharedMSBuildProjectFiles) = preSolution
		MySqlAPI\MySqlAPI.vcxitems*{5540334b-cbaa-4ba7-a907-29ae3962aea4}*SharedItemsImports = 9
		spdlog\spdlog.vcxitems*{58cffb33-1e64-4228-8452-66f4bb1b8dbf}*SharedItemsImports = 4
		MySqlAPI\MySqlAPI.vcxitems*{58cffb33-1e64-4228-8452-66f4bb1b8dbf}*SharedItemsImports = 4
		spdlog\spdlog.vcxitems*{45d41acc-2c3c-43d2-bc10-02aa73ffc7c7}*SharedItemsImports = 9
	EndGlobalSection
	GlobalSection(SolutionConfigurationPlatforms) = preSolution
		Debug|x64 = Debug|x64
		Debug|x86 = Debug|x86
		Release|x64 = Release|x64
		Release|x86 = Release|x86
	EndGlobalSection
	GlobalSection(ProjectConfigurationPlatforms) = postSolution
		{58CFFB33-1E64-4228-8452-66F4BB1B8DBF}.Debug|x64.ActiveCfg = Debug|x64
		{58CFFB33-1E64-4228-8452-66F4BB1B8DBF}.Debug|x64.Build.0 = Debug|x64
		{58CFFB33-1E64-4228-8452-66F4BB1B8DBF}.Debug|x64.Deploy.0 = Debug|x64
		{58CFFB33-1E64-4228-8452-66F4BB1B8DBF}.Debug|x86.ActiveCfg = Debug|Win32
		{58CFFB33-1E64-4228-8452-66F4BB1B8DBF}.Debug|x86.Build.0 = Debug|Win32
		{58CFFB33-1E64-4228-8452-66F4BB1B8DBF}.Release|x64.ActiveCfg = Release|x64
		{58CFFB33-1E64-4228-8452-66F4BB1B8DBF}.Release|x64.Build.0 = Release|x64
		{58CFFB33-1E64-4228-8452-66F4BB1B8DBF}.Release|x86.ActiveCfg = Release|Win32
		{58CFFB33-1E64-4228-8452-66F4BB1B8DBF}.Release|x86.Build.0 = Release|Win32
	EndGlobalSection
	GlobalSection(SolutionProperties) = preSolution
		HideSolutionNode = FALSE
	EndGlobalSection
EndGlobal
