
Microsoft Visual Studio Solution File, Format Version 12.00
# Visual Studio 14
VisualStudioVersion = 14.0.23107.0
MinimumVisualStudioVersion = 10.0.40219.1
Project("{8BC9CEB8-8B4A-11D0-8D11-00A0C91BC942}") = "spdlog", "spdlog\spdlog.vcxitems", "{45D41ACC-2C3C-43D2-BC10-02AA73FFC7C7}"
EndProject
Project("{8BC9CEB8-8B4A-11D0-8D11-00A0C91BC942}") = "MySqlAPI", "MySqlAPI\MySqlAPI.vcxitems", "{5540334B-CBAA-4BA7-A907-29AE3962AEA4}"
EndProject
Project("{8BC9CEB8-8B4A-11D0-8D11-00A0C91BC942}") = "testAPI", "testAPI\testAPI.vcxproj", "{58CFFB33-1E64-4228-8452-66F4BB1B8DBF}"
EndProject
Project("{8BC9CEB8-8B4A-11D0-8D11-00A0C91BC942}") = "ThreadPool", "ThreadPool\ThreadPool.vcxitems", "{C2DDF151-980A-49DA-91B7-75BFF03B1A2D}"
EndProject
Project("{8BC9CEB8-8B4A-11D0-8D11-00A0C91BC942}") = "MD5", "MD5\MD5.vcxitems", "{5B0DF9DD-6C7A-4F23-92D2-11FA4C24CD9A}"
EndProject
Project("{8BC9CEB8-8B4A-11D0-8D11-00A0C91BC942}") = "DataStruct", "DataStruct\DataStruct.vcxitems", "{3F64AFDD-CA9F-4167-A501-C697A3FCAA3E}"
EndProject
Project("{8BC9CEB8-8B4A-11D0-8D11-00A0C91BC942}") = "Sort", "Sort\Sort.vcxitems", "{5093D1EE-A9AD-42FA-B369-CA078414F419}"
EndProject
Global
	GlobalSection(SharedMSBuildProjectFiles) = preSolution
		MySqlAPI\MySqlAPI.vcxitems*{5540334b-cbaa-4ba7-a907-29ae3962aea4}*SharedItemsImports = 9
		spdlog\spdlog.vcxitems*{58cffb33-1e64-4228-8452-66f4bb1b8dbf}*SharedItemsImports = 4
		MySqlAPI\MySqlAPI.vcxitems*{58cffb33-1e64-4228-8452-66f4bb1b8dbf}*SharedItemsImports = 4
		DataStruct\DataStruct.vcxitems*{58cffb33-1e64-4228-8452-66f4bb1b8dbf}*SharedItemsImports = 4
		MD5\MD5.vcxitems*{58cffb33-1e64-4228-8452-66f4bb1b8dbf}*SharedItemsImports = 4
		ThreadPool\ThreadPool.vcxitems*{58cffb33-1e64-4228-8452-66f4bb1b8dbf}*SharedItemsImports = 4
		MD5\MD5.vcxitems*{5b0df9dd-6c7a-4f23-92d2-11fa4c24cd9a}*SharedItemsImports = 9
		ThreadPool\ThreadPool.vcxitems*{c2ddf151-980a-49da-91b7-75bff03b1a2d}*SharedItemsImports = 9
		Sort\Sort.vcxitems*{5093d1ee-a9ad-42fa-b369-ca078414f419}*SharedItemsImports = 9
		DataStruct\DataStruct.vcxitems*{3f64afdd-ca9f-4167-a501-c697a3fcaa3e}*SharedItemsImports = 9
		spdlog\spdlog.vcxitems*{45d41acc-2c3c-43d2-bc10-02aa73ffc7c7}*SharedItemsImports = 9
	EndGlobalSection
	GlobalSection(SolutionConfigurationPlatforms) = preSolution
		Debug|x64 = Debug|x64
		Debug|x86 = Debug|x86
		Release|x64 = Release|x64
		Release|x86 = Release|x86
	EndGlobalSection
	GlobalSection(ProjectConfigurationPlatforms) = postSolution
		{58CFFB33-1E64-4228-8452-66F4BB1B8DBF}.Debug|x64.ActiveCfg = Debug|x64
		{58CFFB33-1E64-4228-8452-66F4BB1B8DBF}.Debug|x64.Build.0 = Debug|x64
		{58CFFB33-1E64-4228-8452-66F4BB1B8DBF}.Debug|x64.Deploy.0 = Debug|x64
		{58CFFB33-1E64-4228-8452-66F4BB1B8DBF}.Debug|x86.ActiveCfg = Debug|Win32
		{58CFFB33-1E64-4228-8452-66F4BB1B8DBF}.Debug|x86.Build.0 = Debug|Win32
		{58CFFB33-1E64-4228-8452-66F4BB1B8DBF}.Release|x64.ActiveCfg = Release|x64
		{58CFFB33-1E64-4228-8452-66F4BB1B8DBF}.Release|x64.Build.0 = Release|x64
		{58CFFB33-1E64-4228-8452-66F4BB1B8DBF}.Release|x86.ActiveCfg = Release|Win32
		{58CFFB33-1E64-4228-8452-66F4BB1B8DBF}.Release|x86.Build.0 = Release|Win32
	EndGlobalSection
	GlobalSection(SolutionProperties) = preSolution
		HideSolutionNode = FALSE
	EndGlobalSection
EndGlobal
